// !$*UTF8*$!
{
	archiveVersion = 1;
	classes = {
	};
	objectVersion = 46;
	objects = {

/* Begin PBXBuildFile section */
		C545D59F19822937007270C2 /* main.swift in Sources */ = {isa = PBXBuildFile; fileRef = C545D59E19822937007270C2 /* main.swift */; };
		C545D5A919822952007270C2 /* 100doors.swift in Sources */ = {isa = PBXBuildFile; fileRef = C545D5A519822952007270C2 /* 100doors.swift */; };
		C545D5AA19822952007270C2 /* collectionView.swift in Sources */ = {isa = PBXBuildFile; fileRef = C545D5A619822952007270C2 /* collectionView.swift */; };
		C545D5AB19822952007270C2 /* collectionViewTemplate.swift in Sources */ = {isa = PBXBuildFile; fileRef = C545D5A719822952007270C2 /* collectionViewTemplate.swift */; };
		C545D5AC19822952007270C2 /* fizzbuzz.swift in Sources */ = {isa = PBXBuildFile; fileRef = C545D5A819822952007270C2 /* fizzbuzz.swift */; };
/* End PBXBuildFile section */

/* Begin PBXCopyFilesBuildPhase section */
		C545D59919822937007270C2 /* CopyFiles */ = {
			isa = PBXCopyFilesBuildPhase;
			buildActionMask = 2147483647;
			dstPath = /usr/share/man/man1/;
			dstSubfolderSpec = 0;
			files = (
			);
			runOnlyForDeploymentPostprocessing = 1;
		};
/* End PBXCopyFilesBuildPhase section */

/* Begin PBXFileReference section */
		C545D59B19822937007270C2 /* dojo1 */ = {isa = PBXFileReference; explicitFileType = "compiled.mach-o.executable"; includeInIndex = 0; path = dojo1; sourceTree = BUILT_PRODUCTS_DIR; };
		C545D59E19822937007270C2 /* main.swift */ = {isa = PBXFileReference; lastKnownFileType = sourcecode.swift; path = main.swift; sourceTree = "<group>"; };
		C545D5A519822952007270C2 /* 100doors.swift */ = {isa = PBXFileReference; fileEncoding = 4; lastKnownFileType = sourcecode.swift; path = 100doors.swift; sourceTree = "<group>"; };
		C545D5A619822952007270C2 /* collectionView.swift */ = {isa = PBXFileReference; fileEncoding = 4; lastKnownFileType = sourcecode.swift; path = collectionView.swift; sourceTree = "<group>"; };
		C545D5A719822952007270C2 /* collectionViewTemplate.swift */ = {isa = PBXFileReference; fileEncoding = 4; lastKnownFileType = sourcecode.swift; path = collectionViewTemplate.swift; sourceTree = "<group>"; };
		C545D5A819822952007270C2 /* fizzbuzz.swift */ = {isa = PBXFileReference; fileEncoding = 4; lastKnownFileType = sourcecode.swift; path = fizzbuzz.swift; sourceTree = "<group>"; };
/* End PBXFileReference section */

/* Begin PBXFrameworksBuildPhase section */
		C545D59819822937007270C2 /* Frameworks */ = {
			isa = PBXFrameworksBuildPhase;
			buildActionMask = 2147483647;
			files = (
			);
			runOnlyForDeploymentPostprocessing = 0;
		};
/* End PBXFrameworksBuildPhase section */

/* Begin PBXGroup section */
		C545D59219822937007270C2 = {
			isa = PBXGroup;
			children = (
				C545D59D19822937007270C2 /* dojo1 */,
				C545D59C19822937007270C2 /* Products */,
			);
			sourceTree = "<group>";
		};
		C545D59C19822937007270C2 /* Products */ = {
			isa = PBXGroup;
			children = (
				C545D59B19822937007270C2 /* dojo1 */,
			);
			name = Products;
			sourceTree = "<group>";
		};
		C545D59D19822937007270C2 /* dojo1 */ = {
			isa = PBXGroup;
			children = (
				C545D5A519822952007270C2 /* 100doors.swift */,
				C545D5A619822952007270C2 /* collectionView.swift */,
				C545D5A719822952007270C2 /* collectionViewTemplate.swift */,
				C545D5A819822952007270C2 /* fizzbuzz.swift */,
				C545D59E19822937007270C2 /* main.swift */,
			);
			path = dojo1;
			sourceTree = "<group>";
		};
/* End PBXGroup section */

/* Begin PBXNativeTarget section */
		C545D59A19822937007270C2 /* dojo1 */ = {
			isa = PBXNativeTarget;
			buildConfigurationList = C545D5A219822937007270C2 /* Build configuration list for PBXNativeTarget "dojo1" */;
			buildPhases = (
				C545D59719822937007270C2 /* Sources */,
				C545D59819822937007270C2 /* Frameworks */,
				C545D59919822937007270C2 /* CopyFiles */,
			);
			buildRules = (
			);
			dependencies = (
			);
			name = dojo1;
			productName = dojo1;
			productReference = C545D59B19822937007270C2 /* dojo1 */;
			productType = "com.apple.product-type.tool";
		};
/* End PBXNativeTarget section */

/* Begin PBXProject section */
		C545D59319822937007270C2 /* Project object */ = {
			isa = PBXProject;
			attributes = {
				LastUpgradeCheck = 0600;
				ORGANIZATIONNAME = "Young Hoo Kim";
				TargetAttributes = {
					C545D59A19822937007270C2 = {
						CreatedOnToolsVersion = 6.0;
					};
				};
			};
			buildConfigurationList = C545D59619822937007270C2 /* Build configuration list for PBXProject "dojo1" */;
			compatibilityVersion = "Xcode 3.2";
			developmentRegion = English;
			hasScannedForEncodings = 0;
			knownRegions = (
				en,
			);
			mainGroup = C545D59219822937007270C2;
			productRefGroup = C545D59C19822937007270C2 /* Products */;
			projectDirPath = "";
			projectRoot = "";
			targets = (
				C545D59A19822937007270C2 /* dojo1 */,
			);
		};
/* End PBXProject section */

/* Begin PBXSourcesBuildPhase section */
		C545D59719822937007270C2 /* Sources */ = {
			isa = PBXSourcesBuildPhase;
			buildActionMask = 2147483647;
			files = (
				C545D5AA19822952007270C2 /* collectionView.swift in Sources */,
				C545D59F19822937007270C2 /* main.swift in Sources */,
				C545D5AB19822952007270C2 /* collectionViewTemplate.swift in Sources */,
				C545D5AC19822952007270C2 /* fizzbuzz.swift in Sources */,
				C545D5A919822952007270C2 /* 100doors.swift in Sources */,
			);
			runOnlyForDeploymentPostprocessing = 0;
		};
/* End PBXSourcesBuildPhase section */

/* Begin XCBuildConfiguration section */
		C545D5A019822937007270C2 /* Debug */ = {
			isa = XCBuildConfiguration;
			buildSettings = {
				ALWAYS_SEARCH_USER_PATHS = NO;
				CLANG_CXX_LANGUAGE_STANDARD = "gnu++0x";
				CLANG_CXX_LIBRARY = "libc++";
				CLANG_ENABLE_MODULES = YES;
				CLANG_ENABLE_OBJC_ARC = YES;
				CLANG_WARN_BOOL_CONVERSION = YES;
				CLANG_WARN_CONSTANT_CONVERSION = YES;
				CLANG_WARN_DIRECT_OBJC_ISA_USAGE = YES_ERROR;
				CLANG_WARN_EMPTY_BODY = YES;
				CLANG_WARN_ENUM_CONVERSION = YES;
				CLANG_WARN_INT_CONVERSION = YES;
				CLANG_WARN_OBJC_ROOT_CLASS = YES_ERROR;
				CLANG_WARN_UNREACHABLE_CODE = YES;
				CLANG_WARN__DUPLICATE_METHOD_MATCH = YES;
				COPY_PHASE_STRIP = NO;
				ENABLE_STRICT_OBJC_MSGSEND = YES;
				GCC_C_LANGUAGE_STANDARD = gnu99;
				GCC_DYNAMIC_NO_PIC = NO;
				GCC_OPTIMIZATION_LEVEL = 0;
				GCC_PREPROCESSOR_DEFINITIONS = (
					"DEBUG=1",
					"$(inherited)",
				);
				GCC_SYMBOLS_PRIVATE_EXTERN = NO;
				GCC_WARN_64_TO_32_BIT_CONVERSION = YES;
				GCC_WARN_ABOUT_RETURN_TYPE = YES_ERROR;
				GCC_WARN_UNDECLARED_SELECTOR = YES;
				GCC_WARN_UNINITIALIZED_AUTOS = YES_AGGRESSIVE;
				GCC_WARN_UNUSED_FUNCTION = YES;
				GCC_WARN_UNUSED_VARIABLE = YES;
				MACOSX_DEPLOYMENT_TARGET = 10.9;
				MTL_ENABLE_DEBUG_INFO = YES;
				ONLY_ACTIVE_ARCH = YES;
				SDKROOT = macosx;
				SWIFT_OPTIMIZATION_LEVEL = "-Onone";
			};
			name = Debug;
		};
		C545D5A119822937007270C2 /* Release */ = {
			isa = XCBuildConfiguration;
			buildSettings = {
				ALWAYS_SEARCH_USER_PATHS = NO;
				CLANG_CXX_LANGUAGE_STANDARD = "gnu++0x";
				CLANG_CXX_LIBRARY = "libc++";
				CLANG_ENABLE_MODULES = YES;
				CLANG_ENABLE_OBJC_ARC = YES;
				CLANG_WARN_BOOL_CONVERSION = YES;
				CLANG_WARN_CONSTANT_CONVERSION = YES;
				CLANG_WARN_DIRECT_OBJC_ISA_USAGE = YES_ERROR;
				CLANG_WARN_EMPTY_BODY = YES;
				CLANG_WARN_ENUM_CONVERSION = YES;
				CLANG_WARN_INT_CONVERSION = YES;
				CLANG_WARN_OBJC_ROOT_CLASS = YES_ERROR;
				CLANG_WARN_UNREACHABLE_CODE = YES;
				CLANG_WARN__DUPLICATE_METHOD_MATCH = YES;
				COPY_PHASE_STRIP = YES;
				DEBUG_INFORMATION_FORMAT = "dwarf-with-dsym";
				ENABLE_NS_ASSERTIONS = NO;
				ENABLE_STRICT_OBJC_MSGSEND = YES;
				GCC_C_LANGUAGE_STANDARD = gnu99;
				GCC_WARN_64_TO_32_BIT_CONVERSION = YES;
				GCC_WARN_ABOUT_RETURN_TYPE = YES_ERROR;
				GCC_WARN_UNDECLARED_SELECTOR = YES;
				GCC_WARN_UNINITIALIZED_AUTOS = YES_AGGRESSIVE;
				GCC_WARN_UNUSED_FUNCTION = YES;
				GCC_WARN_UNUSED_VARIABLE = YES;
				MACOSX_DEPLOYMENT_TARGET = 10.9;
				MTL_ENABLE_DEBUG_INFO = NO;
				SDKROOT = macosx;
			};
			name = Release;
		};
		C545D5A319822937007270C2 /* Debug */ = {
			isa = XCBuildConfiguration;
			buildSettings = {
				PRODUCT_NAME = "$(TARGET_NAME)";
			};
			name = Debug;
		};
		C545D5A419822937007270C2 /* Release */ = {
			isa = XCBuildConfiguration;
			buildSettings = {
				PRODUCT_NAME = "$(TARGET_NAME)";
			};
			name = Release;
		};
/* End XCBuildConfiguration section */

/* Begin XCConfigurationList section */
		C545D59619822937007270C2 /* Build configuration list for PBXProject "dojo1" */ = {
			isa = XCConfigurationList;
			buildConfigurations = (
				C545D5A019822937007270C2 /* Debug */,
				C545D5A119822937007270C2 /* Release */,
			);
			defaultConfigurationIsVisible = 0;
			defaultConfigurationName = Release;
		};
		C545D5A219822937007270C2 /* Build configuration list for PBXNativeTarget "dojo1" */ = {
			isa = XCConfigurationList;
			buildConfigurations = (
				C545D5A319822937007270C2 /* Debug */,
				C545D5A419822937007270C2 /* Release */,
			);
			defaultConfigurationIsVisible = 0;
		};
/* End XCConfigurationList section */
	};
	rootObject = C545D59319822937007270C2 /* Project object */;
}
